
Microsoft Visual Studio Solution File, Format Version 12.00
# Visual Studio 15
VisualStudioVersion = 15.0.28307.572
MinimumVisualStudioVersion = 10.0.40219.1
Project("{FAE04EC0-301F-11D3-BF4B-00C04F79EFBC}") = "Northwind.Gui.Desktop", "Northwind.Gui.Desktop\Northwind.Gui.Desktop.csproj", "{4C111054-F0DB-4DB5-9D77-68B7CF565D53}"
EndProject
Project("{FAE04EC0-301F-11D3-BF4B-00C04F79EFBC}") = "Northwind.Entities", "Northwind.Entities\Northwind.Entities.csproj", "{459516F1-47FC-4AA7-A7A5-5EA4CA266193}"
EndProject
Project("{FAE04EC0-301F-11D3-BF4B-00C04F79EFBC}") = "Northwind.DataAccess", "Northwind.DataAccess\Northwind.DataAccess.csproj", "{844F5907-95F6-452F-8ABC-DA5171905DC4}"
EndProject
Project("{FAE04EC0-301F-11D3-BF4B-00C04F79EFBC}") = "Northwind.Services", "Northwind.Services\Northwind.Services.csproj", "{143EBB8B-B277-4485-9B8A-D8E561BC4756}"
EndProject
Project("{FAE04EC0-301F-11D3-BF4B-00C04F79EFBC}") = "Northwind.Tests", "Northwind.Tests\Northwind.Tests.csproj", "{7DB35669-43A1-4073-A5DA-E5E875BB4FB4}"
EndProject
Project("{FAE04EC0-301F-11D3-BF4B-00C04F79EFBC}") = "Northwind.Utils", "Northwind.Utils\Northwind.Utils.csproj", "{B7750165-5141-4F17-BF4C-BEB78BD2A005}"
EndProject
Global
	GlobalSection(SolutionConfigurationPlatforms) = preSolution
		Debug|Any CPU = Debug|Any CPU
		Release|Any CPU = Release|Any CPU
	EndGlobalSection
	GlobalSection(ProjectConfigurationPlatforms) = postSolution
		{4C111054-F0DB-4DB5-9D77-68B7CF565D53}.Debug|Any CPU.ActiveCfg = Debug|Any CPU
		{4C111054-F0DB-4DB5-9D77-68B7CF565D53}.Debug|Any CPU.Build.0 = Debug|Any CPU
		{4C111054-F0DB-4DB5-9D77-68B7CF565D53}.Release|Any CPU.ActiveCfg = Release|Any CPU
		{4C111054-F0DB-4DB5-9D77-68B7CF565D53}.Release|Any CPU.Build.0 = Release|Any CPU
		{459516F1-47FC-4AA7-A7A5-5EA4CA266193}.Debug|Any CPU.ActiveCfg = Debug|Any CPU
		{459516F1-47FC-4AA7-A7A5-5EA4CA266193}.Debug|Any CPU.Build.0 = Debug|Any CPU
		{459516F1-47FC-4AA7-A7A5-5EA4CA266193}.Release|Any CPU.ActiveCfg = Release|Any CPU
		{459516F1-47FC-4AA7-A7A5-5EA4CA266193}.Release|Any CPU.Build.0 = Release|Any CPU
		{844F5907-95F6-452F-8ABC-DA5171905DC4}.Debug|Any CPU.ActiveCfg = Debug|Any CPU
		{844F5907-95F6-452F-8ABC-DA5171905DC4}.Debug|Any CPU.Build.0 = Debug|Any CPU
		{844F5907-95F6-452F-8ABC-DA5171905DC4}.Release|Any CPU.ActiveCfg = Release|Any CPU
		{844F5907-95F6-452F-8ABC-DA5171905DC4}.Release|Any CPU.Build.0 = Release|Any CPU
		{143EBB8B-B277-4485-9B8A-D8E561BC4756}.Debug|Any CPU.ActiveCfg = Debug|Any CPU
		{143EBB8B-B277-4485-9B8A-D8E561BC4756}.Debug|Any CPU.Build.0 = Debug|Any CPU
		{143EBB8B-B277-4485-9B8A-D8E561BC4756}.Release|Any CPU.ActiveCfg = Release|Any CPU
		{143EBB8B-B277-4485-9B8A-D8E561BC4756}.Release|Any CPU.Build.0 = Release|Any CPU
		{7DB35669-43A1-4073-A5DA-E5E875BB4FB4}.Debug|Any CPU.ActiveCfg = Debug|Any CPU
		{7DB35669-43A1-4073-A5DA-E5E875BB4FB4}.Debug|Any CPU.Build.0 = Debug|Any CPU
		{7DB35669-43A1-4073-A5DA-E5E875BB4FB4}.Release|Any CPU.ActiveCfg = Release|Any CPU
		{7DB35669-43A1-4073-A5DA-E5E875BB4FB4}.Release|Any CPU.Build.0 = Release|Any CPU
		{B7750165-5141-4F17-BF4C-BEB78BD2A005}.Debug|Any CPU.ActiveCfg = Debug|Any CPU
		{B7750165-5141-4F17-BF4C-BEB78BD2A005}.Debug|Any CPU.Build.0 = Debug|Any CPU
		{B7750165-5141-4F17-BF4C-BEB78BD2A005}.Release|Any CPU.ActiveCfg = Release|Any CPU
		{B7750165-5141-4F17-BF4C-BEB78BD2A005}.Release|Any CPU.Build.0 = Release|Any CPU
	EndGlobalSection
	GlobalSection(SolutionProperties) = preSolution
		HideSolutionNode = FALSE
	EndGlobalSection
	GlobalSection(ExtensibilityGlobals) = postSolution
		SolutionGuid = {0A9E4F93-39B3-41FF-BAE0-2FEFF60540D6}
	EndGlobalSection
EndGlobal
